PODS:
  - Novocaine (0.0.1)
  - TheAmazingAudioEngine (1.4.5)

DEPENDENCIES:
  - Novocaine (from `/Users/demon/project/novocaine/Novocaine.podspec`)
  - TheAmazingAudioEngine (= 1.4.5)

EXTERNAL SOURCES:
  Novocaine:
    :path: /Users/demon/project/novocaine/Novocaine.podspec

SPEC CHECKSUMS:
  Novocaine: fad2aae65596511890ed3e189569cd6da8f37e33
  TheAmazingAudioEngine: 34279bc2841262eae7a24c3c7944a43fab72918e

COCOAPODS: 0.34.2
